
Microsoft Visual Studio Solution File, Format Version 12.00
# Visual Studio 2013
VisualStudioVersion = 12.0.31101.0
MinimumVisualStudioVersion = 10.0.40219.1
Project("{2150E333-8FDC-42A3-9474-1A3956D46DE8}") = "ViewModel", "ViewModel", "{F4A9419F-F738-4AB1-8D3C-6A8B1100C6BC}"
EndProject
Project("{2150E333-8FDC-42A3-9474-1A3956D46DE8}") = "Caculation", "Caculation", "{8969B786-D30C-48F5-A96B-58D862E38DD8}"
EndProject
Project("{2150E333-8FDC-42A3-9474-1A3956D46DE8}") = "Data", "Data", "{4911946D-EB99-43F7-84F6-51FD7ECF52A0}"
EndProject
Project("{FAE04EC0-301F-11D3-BF4B-00C04F79EFBC}") = "OptimalPositionLib", "OptimalPositionLib\OptimalPositionLib.csproj", "{723B2BB9-A8C3-48A3-BD26-882D33CE3C18}"
EndProject
Project("{FAE04EC0-301F-11D3-BF4B-00C04F79EFBC}") = "OptimalPositionLibTest", "CalculationTest\OptimalPositionLibTest.csproj", "{67E31937-28CA-40CE-8235-D8559CAAA70B}"
EndProject
Project("{FAE04EC0-301F-11D3-BF4B-00C04F79EFBC}") = "DiaMakerViewModel", "DiaMakerViewModel\DiaMakerViewModel.csproj", "{3AFD26BB-27A8-419B-A27C-DCA3EAB2948E}"
EndProject
Project("{FAE04EC0-301F-11D3-BF4B-00C04F79EFBC}") = "DiaMaker", "DiaMaker\DiaMaker.csproj", "{F2404EB1-6E18-4D81-A5E5-0A2E68E67B10}"
EndProject
Project("{FAE04EC0-301F-11D3-BF4B-00C04F79EFBC}") = "DiaMakerModel", "DiaMakerModel\DiaMakerModel.csproj", "{0E72E596-96CF-45FF-8708-F297CB92E1AB}"
EndProject
Project("{2150E333-8FDC-42A3-9474-1A3956D46DE8}") = "Common", "Common", "{2045F89C-775A-4ABD-8933-EB49AFB023AC}"
EndProject
Project("{FAE04EC0-301F-11D3-BF4B-00C04F79EFBC}") = "CommonLib", "CommonLib\CommonLib.csproj", "{2FA00A8D-F9DE-4F66-91AC-D9D426F1DF2A}"
EndProject
Project("{FAE04EC0-301F-11D3-BF4B-00C04F79EFBC}") = "GraphLib", "GraphLib\GraphLib.csproj", "{1869411F-EBE3-49B8-AE2C-8008DE7BE1FB}"
EndProject
Project("{FAE04EC0-301F-11D3-BF4B-00C04F79EFBC}") = "CommonLibTest", "CommonLibTest\CommonLibTest.csproj", "{B2C67C1E-3BD1-42FD-935B-3EBC4B5DCE79}"
EndProject
Project("{2150E333-8FDC-42A3-9474-1A3956D46DE8}") = ".nuget", ".nuget", "{DFC7C315-3A96-4EC8-BEC1-40DCF71CCDE3}"
	ProjectSection(SolutionItems) = preProject
		.nuget\packages.config = .nuget\packages.config
	EndProjectSection
EndProject
Project("{FAE04EC0-301F-11D3-BF4B-00C04F79EFBC}") = "GraphTest", "GraphTest\GraphTest.csproj", "{0B7070A4-E2DF-40D6-BE43-C76F0210844B}"
EndProject
Project("{2150E333-8FDC-42A3-9474-1A3956D46DE8}") = "WebAPI", "WebAPI", "{441DFECB-509C-4D51-9455-A37540713117}"
EndProject
Project("{FAE04EC0-301F-11D3-BF4B-00C04F79EFBC}") = "DiaMakerWebAPI", "DiaMakerWebAPI\DiaMakerWebAPI.csproj", "{805311E3-6312-4DEE-8547-C8DF87F9D683}"
EndProject
Project("{FAE04EC0-301F-11D3-BF4B-00C04F79EFBC}") = "DiaMakerWebAPI.Tests", "DiaMakerWebAPI.Tests\DiaMakerWebAPI.Tests.csproj", "{F8FDEF13-3080-4BC3-B8DB-95411DB11022}"
EndProject
Project("{FAE04EC0-301F-11D3-BF4B-00C04F79EFBC}") = "DiaMakerMvc", "DiaMakerMvc\DiaMakerMvc.csproj", "{09421924-5550-4041-A8A5-E81F46222681}"
EndProject
Project("{FAE04EC0-301F-11D3-BF4B-00C04F79EFBC}") = "TracingLib", "TracingLib\TracingLib.csproj", "{EEFA379E-5CCE-410A-B848-04A6979735C2}"
EndProject
Global
	GlobalSection(SolutionConfigurationPlatforms) = preSolution
		Debug|Any CPU = Debug|Any CPU
		Release|Any CPU = Release|Any CPU
	EndGlobalSection
	GlobalSection(ProjectConfigurationPlatforms) = postSolution
		{723B2BB9-A8C3-48A3-BD26-882D33CE3C18}.Debug|Any CPU.ActiveCfg = Debug|Any CPU
		{723B2BB9-A8C3-48A3-BD26-882D33CE3C18}.Debug|Any CPU.Build.0 = Debug|Any CPU
		{723B2BB9-A8C3-48A3-BD26-882D33CE3C18}.Release|Any CPU.ActiveCfg = Release|Any CPU
		{723B2BB9-A8C3-48A3-BD26-882D33CE3C18}.Release|Any CPU.Build.0 = Release|Any CPU
		{67E31937-28CA-40CE-8235-D8559CAAA70B}.Debug|Any CPU.ActiveCfg = Debug|Any CPU
		{67E31937-28CA-40CE-8235-D8559CAAA70B}.Debug|Any CPU.Build.0 = Debug|Any CPU
		{67E31937-28CA-40CE-8235-D8559CAAA70B}.Release|Any CPU.ActiveCfg = Release|Any CPU
		{67E31937-28CA-40CE-8235-D8559CAAA70B}.Release|Any CPU.Build.0 = Release|Any CPU
		{3AFD26BB-27A8-419B-A27C-DCA3EAB2948E}.Debug|Any CPU.ActiveCfg = Debug|Any CPU
		{3AFD26BB-27A8-419B-A27C-DCA3EAB2948E}.Debug|Any CPU.Build.0 = Debug|Any CPU
		{3AFD26BB-27A8-419B-A27C-DCA3EAB2948E}.Release|Any CPU.ActiveCfg = Release|Any CPU
		{3AFD26BB-27A8-419B-A27C-DCA3EAB2948E}.Release|Any CPU.Build.0 = Release|Any CPU
		{F2404EB1-6E18-4D81-A5E5-0A2E68E67B10}.Debug|Any CPU.ActiveCfg = Debug|Any CPU
		{F2404EB1-6E18-4D81-A5E5-0A2E68E67B10}.Debug|Any CPU.Build.0 = Debug|Any CPU
		{F2404EB1-6E18-4D81-A5E5-0A2E68E67B10}.Release|Any CPU.ActiveCfg = Release|Any CPU
		{F2404EB1-6E18-4D81-A5E5-0A2E68E67B10}.Release|Any CPU.Build.0 = Release|Any CPU
		{0E72E596-96CF-45FF-8708-F297CB92E1AB}.Debug|Any CPU.ActiveCfg = Debug|Any CPU
		{0E72E596-96CF-45FF-8708-F297CB92E1AB}.Debug|Any CPU.Build.0 = Debug|Any CPU
		{0E72E596-96CF-45FF-8708-F297CB92E1AB}.Release|Any CPU.ActiveCfg = Release|Any CPU
		{0E72E596-96CF-45FF-8708-F297CB92E1AB}.Release|Any CPU.Build.0 = Release|Any CPU
		{2FA00A8D-F9DE-4F66-91AC-D9D426F1DF2A}.Debug|Any CPU.ActiveCfg = Debug|Any CPU
		{2FA00A8D-F9DE-4F66-91AC-D9D426F1DF2A}.Debug|Any CPU.Build.0 = Debug|Any CPU
		{2FA00A8D-F9DE-4F66-91AC-D9D426F1DF2A}.Release|Any CPU.ActiveCfg = Release|Any CPU
		{2FA00A8D-F9DE-4F66-91AC-D9D426F1DF2A}.Release|Any CPU.Build.0 = Release|Any CPU
		{1869411F-EBE3-49B8-AE2C-8008DE7BE1FB}.Debug|Any CPU.ActiveCfg = Debug|Any CPU
		{1869411F-EBE3-49B8-AE2C-8008DE7BE1FB}.Debug|Any CPU.Build.0 = Debug|Any CPU
		{1869411F-EBE3-49B8-AE2C-8008DE7BE1FB}.Release|Any CPU.ActiveCfg = Release|Any CPU
		{1869411F-EBE3-49B8-AE2C-8008DE7BE1FB}.Release|Any CPU.Build.0 = Release|Any CPU
		{B2C67C1E-3BD1-42FD-935B-3EBC4B5DCE79}.Debug|Any CPU.ActiveCfg = Debug|Any CPU
		{B2C67C1E-3BD1-42FD-935B-3EBC4B5DCE79}.Debug|Any CPU.Build.0 = Debug|Any CPU
		{B2C67C1E-3BD1-42FD-935B-3EBC4B5DCE79}.Release|Any CPU.ActiveCfg = Release|Any CPU
		{B2C67C1E-3BD1-42FD-935B-3EBC4B5DCE79}.Release|Any CPU.Build.0 = Release|Any CPU
		{0B7070A4-E2DF-40D6-BE43-C76F0210844B}.Debug|Any CPU.ActiveCfg = Debug|Any CPU
		{0B7070A4-E2DF-40D6-BE43-C76F0210844B}.Debug|Any CPU.Build.0 = Debug|Any CPU
		{0B7070A4-E2DF-40D6-BE43-C76F0210844B}.Release|Any CPU.ActiveCfg = Release|Any CPU
		{0B7070A4-E2DF-40D6-BE43-C76F0210844B}.Release|Any CPU.Build.0 = Release|Any CPU
		{805311E3-6312-4DEE-8547-C8DF87F9D683}.Debug|Any CPU.ActiveCfg = Debug|Any CPU
		{805311E3-6312-4DEE-8547-C8DF87F9D683}.Debug|Any CPU.Build.0 = Debug|Any CPU
		{805311E3-6312-4DEE-8547-C8DF87F9D683}.Release|Any CPU.ActiveCfg = Release|Any CPU
		{805311E3-6312-4DEE-8547-C8DF87F9D683}.Release|Any CPU.Build.0 = Release|Any CPU
		{F8FDEF13-3080-4BC3-B8DB-95411DB11022}.Debug|Any CPU.ActiveCfg = Debug|Any CPU
		{F8FDEF13-3080-4BC3-B8DB-95411DB11022}.Debug|Any CPU.Build.0 = Debug|Any CPU
		{F8FDEF13-3080-4BC3-B8DB-95411DB11022}.Release|Any CPU.ActiveCfg = Release|Any CPU
		{F8FDEF13-3080-4BC3-B8DB-95411DB11022}.Release|Any CPU.Build.0 = Release|Any CPU
		{09421924-5550-4041-A8A5-E81F46222681}.Debug|Any CPU.ActiveCfg = Debug|Any CPU
		{09421924-5550-4041-A8A5-E81F46222681}.Debug|Any CPU.Build.0 = Debug|Any CPU
		{09421924-5550-4041-A8A5-E81F46222681}.Release|Any CPU.ActiveCfg = Release|Any CPU
		{09421924-5550-4041-A8A5-E81F46222681}.Release|Any CPU.Build.0 = Release|Any CPU
		{EEFA379E-5CCE-410A-B848-04A6979735C2}.Debug|Any CPU.ActiveCfg = Debug|Any CPU
		{EEFA379E-5CCE-410A-B848-04A6979735C2}.Debug|Any CPU.Build.0 = Debug|Any CPU
		{EEFA379E-5CCE-410A-B848-04A6979735C2}.Release|Any CPU.ActiveCfg = Release|Any CPU
		{EEFA379E-5CCE-410A-B848-04A6979735C2}.Release|Any CPU.Build.0 = Release|Any CPU
	EndGlobalSection
	GlobalSection(SolutionProperties) = preSolution
		HideSolutionNode = FALSE
	EndGlobalSection
	GlobalSection(NestedProjects) = preSolution
		{723B2BB9-A8C3-48A3-BD26-882D33CE3C18} = {8969B786-D30C-48F5-A96B-58D862E38DD8}
		{67E31937-28CA-40CE-8235-D8559CAAA70B} = {8969B786-D30C-48F5-A96B-58D862E38DD8}
		{3AFD26BB-27A8-419B-A27C-DCA3EAB2948E} = {F4A9419F-F738-4AB1-8D3C-6A8B1100C6BC}
		{0E72E596-96CF-45FF-8708-F297CB92E1AB} = {4911946D-EB99-43F7-84F6-51FD7ECF52A0}
		{2FA00A8D-F9DE-4F66-91AC-D9D426F1DF2A} = {2045F89C-775A-4ABD-8933-EB49AFB023AC}
		{1869411F-EBE3-49B8-AE2C-8008DE7BE1FB} = {8969B786-D30C-48F5-A96B-58D862E38DD8}
		{B2C67C1E-3BD1-42FD-935B-3EBC4B5DCE79} = {2045F89C-775A-4ABD-8933-EB49AFB023AC}
		{0B7070A4-E2DF-40D6-BE43-C76F0210844B} = {8969B786-D30C-48F5-A96B-58D862E38DD8}
		{805311E3-6312-4DEE-8547-C8DF87F9D683} = {441DFECB-509C-4D51-9455-A37540713117}
		{F8FDEF13-3080-4BC3-B8DB-95411DB11022} = {441DFECB-509C-4D51-9455-A37540713117}
		{09421924-5550-4041-A8A5-E81F46222681} = {441DFECB-509C-4D51-9455-A37540713117}
		{EEFA379E-5CCE-410A-B848-04A6979735C2} = {8969B786-D30C-48F5-A96B-58D862E38DD8}
	EndGlobalSection
EndGlobal
